
Microsoft Visual Studio Solution File, Format Version 12.00
# Visual Studio Version 16
VisualStudioVersion = 16.0.31402.337
MinimumVisualStudioVersion = 10.0.40219.1
Project("{FAE04EC0-301F-11D3-BF4B-00C04F79EFBC}") = "SilviasGallery.Android", "SilviasGallery\SilviasGallery.Android\SilviasGallery.Android.csproj", "{613E0675-BB80-41BD-BEF5-F34863A91466}"
EndProject
Project("{FAE04EC0-301F-11D3-BF4B-00C04F79EFBC}") = "SilviasGallery", "SilviasGallery\SilviasGallery\SilviasGallery.csproj", "{AC16C7D1-0FD6-4566-8086-615D41250DC9}"
EndProject
Global
	GlobalSection(SolutionConfigurationPlatforms) = preSolution
		Debug|Any CPU = Debug|Any CPU
		Release|Any CPU = Release|Any CPU
	EndGlobalSection
	GlobalSection(ProjectConfigurationPlatforms) = postSolution
		{613E0675-BB80-41BD-BEF5-F34863A91466}.Debug|Any CPU.ActiveCfg = Debug|Any CPU
		{613E0675-BB80-41BD-BEF5-F34863A91466}.Debug|Any CPU.Build.0 = Debug|Any CPU
		{613E0675-BB80-41BD-BEF5-F34863A91466}.Debug|Any CPU.Deploy.0 = Debug|Any CPU
		{613E0675-BB80-41BD-BEF5-F34863A91466}.Release|Any CPU.ActiveCfg = Release|Any CPU
		{613E0675-BB80-41BD-BEF5-F34863A91466}.Release|Any CPU.Build.0 = Release|Any CPU
		{613E0675-BB80-41BD-BEF5-F34863A91466}.Release|Any CPU.Deploy.0 = Release|Any CPU
		{AC16C7D1-0FD6-4566-8086-615D41250DC9}.Debug|Any CPU.ActiveCfg = Debug|Any CPU
		{AC16C7D1-0FD6-4566-8086-615D41250DC9}.Debug|Any CPU.Build.0 = Debug|Any CPU
		{AC16C7D1-0FD6-4566-8086-615D41250DC9}.Debug|Any CPU.Deploy.0 = Debug|Any CPU
		{AC16C7D1-0FD6-4566-8086-615D41250DC9}.Release|Any CPU.ActiveCfg = Release|Any CPU
		{AC16C7D1-0FD6-4566-8086-615D41250DC9}.Release|Any CPU.Build.0 = Release|Any CPU
		{AC16C7D1-0FD6-4566-8086-615D41250DC9}.Release|Any CPU.Deploy.0 = Release|Any CPU
	EndGlobalSection
	GlobalSection(SolutionProperties) = preSolution
		HideSolutionNode = FALSE
	EndGlobalSection
	GlobalSection(ExtensibilityGlobals) = postSolution
		SolutionGuid = {E8B1B694-1643-44F0-A8BB-5F8C4E78026C}
	EndGlobalSection
EndGlobal
